
Microsoft Visual Studio Solution File, Format Version 12.00
# Visual Studio 15
VisualStudioVersion = 15.0.28307.1401
MinimumVisualStudioVersion = 10.0.40219.1
Project("{8BC9CEB8-8B4A-11D0-8D11-00A0C91BC942}") = "BinNumbers", "TestTasks\TestTasks.vcxproj", "{45EF41BD-72CD-469E-957F-41FD690D88AD}"
EndProject
Project("{8BC9CEB8-8B4A-11D0-8D11-00A0C91BC942}") = "Serialization", "Serialization\Serialization.vcxproj", "{6F22F84D-B9E0-45E9-ABBF-1921E8F9D940}"
EndProject
Project("{8BC9CEB8-8B4A-11D0-8D11-00A0C91BC942}") = "Normals", "Normals\Normals.vcxproj", "{A95CEDFE-BB7D-4B99-83E4-792966FDEA57}"
EndProject
Global
	GlobalSection(SolutionConfigurationPlatforms) = preSolution
		Debug|x64 = Debug|x64
		Debug|x86 = Debug|x86
		Release|x64 = Release|x64
		Release|x86 = Release|x86
	EndGlobalSection
	GlobalSection(ProjectConfigurationPlatforms) = postSolution
		{45EF41BD-72CD-469E-957F-41FD690D88AD}.Debug|x64.ActiveCfg = Debug|x64
		{45EF41BD-72CD-469E-957F-41FD690D88AD}.Debug|x64.Build.0 = Debug|x64
		{45EF41BD-72CD-469E-957F-41FD690D88AD}.Debug|x86.ActiveCfg = Debug|Win32
		{45EF41BD-72CD-469E-957F-41FD690D88AD}.Debug|x86.Build.0 = Debug|Win32
		{45EF41BD-72CD-469E-957F-41FD690D88AD}.Release|x64.ActiveCfg = Release|x64
		{45EF41BD-72CD-469E-957F-41FD690D88AD}.Release|x64.Build.0 = Release|x64
		{45EF41BD-72CD-469E-957F-41FD690D88AD}.Release|x86.ActiveCfg = Release|Win32
		{45EF41BD-72CD-469E-957F-41FD690D88AD}.Release|x86.Build.0 = Release|Win32
		{6F22F84D-B9E0-45E9-ABBF-1921E8F9D940}.Debug|x64.ActiveCfg = Debug|x64
		{6F22F84D-B9E0-45E9-ABBF-1921E8F9D940}.Debug|x64.Build.0 = Debug|x64
		{6F22F84D-B9E0-45E9-ABBF-1921E8F9D940}.Debug|x86.ActiveCfg = Debug|Win32
		{6F22F84D-B9E0-45E9-ABBF-1921E8F9D940}.Debug|x86.Build.0 = Debug|Win32
		{6F22F84D-B9E0-45E9-ABBF-1921E8F9D940}.Release|x64.ActiveCfg = Release|x64
		{6F22F84D-B9E0-45E9-ABBF-1921E8F9D940}.Release|x64.Build.0 = Release|x64
		{6F22F84D-B9E0-45E9-ABBF-1921E8F9D940}.Release|x86.ActiveCfg = Release|Win32
		{6F22F84D-B9E0-45E9-ABBF-1921E8F9D940}.Release|x86.Build.0 = Release|Win32
		{A95CEDFE-BB7D-4B99-83E4-792966FDEA57}.Debug|x64.ActiveCfg = Debug|x64
		{A95CEDFE-BB7D-4B99-83E4-792966FDEA57}.Debug|x64.Build.0 = Debug|x64
		{A95CEDFE-BB7D-4B99-83E4-792966FDEA57}.Debug|x86.ActiveCfg = Debug|Win32
		{A95CEDFE-BB7D-4B99-83E4-792966FDEA57}.Debug|x86.Build.0 = Debug|Win32
		{A95CEDFE-BB7D-4B99-83E4-792966FDEA57}.Release|x64.ActiveCfg = Release|x64
		{A95CEDFE-BB7D-4B99-83E4-792966FDEA57}.Release|x64.Build.0 = Release|x64
		{A95CEDFE-BB7D-4B99-83E4-792966FDEA57}.Release|x86.ActiveCfg = Release|Win32
		{A95CEDFE-BB7D-4B99-83E4-792966FDEA57}.Release|x86.Build.0 = Release|Win32
	EndGlobalSection
	GlobalSection(SolutionProperties) = preSolution
		HideSolutionNode = FALSE
	EndGlobalSection
	GlobalSection(ExtensibilityGlobals) = postSolution
		SolutionGuid = {1EB606B8-86AB-4CEC-91DC-064E92A19CCC}
	EndGlobalSection
EndGlobal
